{
  "nodes": {
    "flake-utils": {
      "inputs": {
        "systems": "systems"
      },
      "locked": {
        "lastModified": 1710146030,
        "narHash": "sha256-SZ5L6eA7HJ/nmkzGG7/ISclqe6oZdOZTNoesiInkXPQ=",
        "owner": "numtide",
        "repo": "flake-utils",
        "rev": "b1d9ab70662946ef0850d488da1c9019f3a9752a",
        "type": "github"
      },
      "original": {
        "owner": "numtide",
        "repo": "flake-utils",
        "type": "github"
      }
    },
    "mathcomp-extra": {
      "inputs": {
        "flake-utils": [
          "flake-utils"
        ],
        "nixpkgs": [
          "nixpkgs"
        ]
      },
      "locked": {
        "lastModified": 1713123249,
        "narHash": "sha256-jypD7n4vZMiNUXN5AmLdJvZWuUxyyeSg/5ZWLfHQpQA=",
        "owner": "sertel",
        "repo": "mathcomp-extra",
        "rev": "34a1f269c700d917a71f0f622829d01939b29206",
        "type": "github"
      },
      "original": {
        "owner": "sertel",
        "ref": "nix",
        "repo": "mathcomp-extra",
        "type": "github"
      }
    },
    "nixpkgs": {
      "locked": {
        "lastModified": 1713123221,
        "narHash": "sha256-5l3clzB2U4tXRCTw7zk2r3BrzBKAm1LfH8pz9qqeqik=",
        "owner": "nixos",
        "repo": "nixpkgs",
        "rev": "5d0b251de2371acca2bdb6b79a602a68b71a8f97",
        "type": "github"
      },
      "original": {
        "owner": "nixos",
        "repo": "nixpkgs",
        "type": "github"
      }
    },
    "root": {
      "inputs": {
        "flake-utils": "flake-utils",
        "mathcomp-extra": "mathcomp-extra",
        "nixpkgs": "nixpkgs",
        "ssprove": "ssprove"
      }
    },
    "ssprove": {
      "inputs": {
        "flake-utils": [
          "flake-utils"
        ],
        "nixpkgs": [
          "nixpkgs"
        ]
      },
      "locked": {
        "lastModified": 1712925623,
        "narHash": "sha256-A/cpWpAUl6w01utNqrwssMDiZz33NxX7oUTLNaoE5Zo=",
        "owner": "sertel",
        "repo": "ssprove",
        "rev": "3ac61c8942b2530b16b3864dacfebcefeb3a8904",
        "type": "github"
      },
      "original": {
        "owner": "sertel",
        "ref": "nix",
        "repo": "ssprove",
        "type": "github"
      }
    },
    "systems": {
      "locked": {
        "lastModified": 1681028828,
        "narHash": "sha256-Vy1rq5AaRuLzOxct8nz4T6wlgyUR7zLU309k9mBC768=",
        "owner": "nix-systems",
        "repo": "default",
        "rev": "da67096a3b9bf56a91d16901293e51ba5b49a27e",
        "type": "github"
      },
      "original": {
        "owner": "nix-systems",
        "repo": "default",
        "type": "github"
      }
    }
  },
  "root": "root",
  "version": 7
}
