{
  "nodes": {
    "flake-utils": {
      "inputs": {
        "systems": "systems"
      },
      "locked": {
        "lastModified": 1710146030,
        "narHash": "sha256-SZ5L6eA7HJ/nmkzGG7/ISclqe6oZdOZTNoesiInkXPQ=",
        "owner": "numtide",
        "repo": "flake-utils",
        "rev": "b1d9ab70662946ef0850d488da1c9019f3a9752a",
        "type": "github"
      },
      "original": {
        "owner": "numtide",
        "repo": "flake-utils",
        "type": "github"
      }
    },
    "mathcomp-extra": {
      "inputs": {
        "flake-utils": [
          "flake-utils"
        ],
        "nixpkgs": [
          "nixpkgs"
        ]
      },
      "locked": {
        "lastModified": 1711114123,
        "narHash": "sha256-eoi31QQYpRY5SmMaJubtj+j5MMEzXdwD/38CtQcGsO0=",
        "owner": "sertel",
        "repo": "mathcomp-extra",
        "rev": "f4cf307b9da7843f0a2d82ca0c5a67537cb114fb",
        "type": "github"
      },
      "original": {
        "owner": "sertel",
        "repo": "mathcomp-extra",
        "type": "github"
      }
    },
    "nixpkgs": {
      "locked": {
        "lastModified": 1711052119,
        "narHash": "sha256-Y0Y1NiJzUekgcX39luV52jEnNL02fAKNqzUaN/9ZOlQ=",
        "owner": "nixos",
        "repo": "nixpkgs",
        "rev": "0de923affe4f251f1a53742cdf2a684e9c3232de",
        "type": "github"
      },
      "original": {
        "owner": "nixos",
        "repo": "nixpkgs",
        "type": "github"
      }
    },
    "root": {
      "inputs": {
        "flake-utils": "flake-utils",
        "mathcomp-extra": "mathcomp-extra",
        "nixpkgs": "nixpkgs",
        "ssprove": "ssprove"
      }
    },
    "ssprove": {
      "inputs": {
        "flake-utils": [
          "flake-utils"
        ],
        "nixpkgs": [
          "nixpkgs"
        ]
      },
      "locked": {
        "lastModified": 1710948146,
        "narHash": "sha256-LLw/xILQDVpWssyezU7k7tYDqBE9VZrxGKFmYrs7Z0g=",
        "owner": "sertel",
        "repo": "ssprove",
        "rev": "51b7d413f394a16d3e3eb7a27bd864525a5592e1",
        "type": "github"
      },
      "original": {
        "owner": "sertel",
        "ref": "nix",
        "repo": "ssprove",
        "type": "github"
      }
    },
    "systems": {
      "locked": {
        "lastModified": 1681028828,
        "narHash": "sha256-Vy1rq5AaRuLzOxct8nz4T6wlgyUR7zLU309k9mBC768=",
        "owner": "nix-systems",
        "repo": "default",
        "rev": "da67096a3b9bf56a91d16901293e51ba5b49a27e",
        "type": "github"
      },
      "original": {
        "owner": "nix-systems",
        "repo": "default",
        "type": "github"
      }
    }
  },
  "root": "root",
  "version": 7
}
